
Microsoft Visual Studio Solution File, Format Version 12.00
# Visual Studio Version 17
VisualStudioVersion = 17.0.31903.59
MinimumVisualStudioVersion = 10.0.40219.1
Project("{FAE04EC0-301F-11D3-BF4B-00C04F79EFBC}") = "melika reisi 4", "melika reisi 4\melika reisi 4.csproj", "{BF779585-C54A-494D-96AB-01C5F9029617}"
EndProject
Global
	GlobalSection(SolutionConfigurationPlatforms) = preSolution
		Debug|Any CPU = Debug|Any CPU
		Release|Any CPU = Release|Any CPU
	EndGlobalSection
	GlobalSection(ProjectConfigurationPlatforms) = postSolution
		{BF779585-C54A-494D-96AB-01C5F9029617}.Debug|Any CPU.ActiveCfg = Debug|Any CPU
		{BF779585-C54A-494D-96AB-01C5F9029617}.Debug|Any CPU.Build.0 = Debug|Any CPU
		{BF779585-C54A-494D-96AB-01C5F9029617}.Release|Any CPU.ActiveCfg = Release|Any CPU
		{BF779585-C54A-494D-96AB-01C5F9029617}.Release|Any CPU.Build.0 = Release|Any CPU
	EndGlobalSection
	GlobalSection(SolutionProperties) = preSolution
		HideSolutionNode = FALSE
	EndGlobalSection
	GlobalSection(ExtensibilityGlobals) = postSolution
		SolutionGuid = {ACAE40A3-1D3E-42AA-A392-6A515C48AD64}
	EndGlobalSection
EndGlobal
